
Microsoft Visual Studio Solution File, Format Version 12.00
# Visual Studio Version 16
VisualStudioVersion = 16.0.30406.217
MinimumVisualStudioVersion = 10.0.40219.1
Project("{8BC9CEB8-8B4A-11D0-8D11-00A0C91BC942}") = "串口", "串口.vcxproj", "{66305FB2-9963-42FE-8022-F80E4C973B80}"
EndProject
Global
	GlobalSection(SolutionConfigurationPlatforms) = preSolution
		Debug|x64 = Debug|x64
		Debug|x86 = Debug|x86
		Release|x64 = Release|x64
		Release|x86 = Release|x86
	EndGlobalSection
	GlobalSection(ProjectConfigurationPlatforms) = postSolution
		{66305FB2-9963-42FE-8022-F80E4C973B80}.Debug|x64.ActiveCfg = Debug|x64
		{66305FB2-9963-42FE-8022-F80E4C973B80}.Debug|x64.Build.0 = Debug|x64
		{66305FB2-9963-42FE-8022-F80E4C973B80}.Debug|x86.ActiveCfg = Debug|Win32
		{66305FB2-9963-42FE-8022-F80E4C973B80}.Debug|x86.Build.0 = Debug|Win32
		{66305FB2-9963-42FE-8022-F80E4C973B80}.Release|x64.ActiveCfg = Release|x64
		{66305FB2-9963-42FE-8022-F80E4C973B80}.Release|x64.Build.0 = Release|x64
		{66305FB2-9963-42FE-8022-F80E4C973B80}.Release|x86.ActiveCfg = Release|Win32
		{66305FB2-9963-42FE-8022-F80E4C973B80}.Release|x86.Build.0 = Release|Win32
	EndGlobalSection
	GlobalSection(SolutionProperties) = preSolution
		HideSolutionNode = FALSE
	EndGlobalSection
	GlobalSection(ExtensibilityGlobals) = postSolution
		SolutionGuid = {17262530-2D90-447B-99BE-2B5E7660E113}
	EndGlobalSection
EndGlobal
